// !$*UTF8*$!
{
	archiveVersion = 1;
	classes = {
	};
	objectVersion = 55;
	objects = {

/* Begin PBXBuildFile section */
		295C614789445E9EA40DEC4E /* Pods_Dogfood.framework in Frameworks */ = {isa = PBXBuildFile; fileRef = AFCD15804BF4F735D96B9338 /* Pods_Dogfood.framework */; };
		DD3CB50F26FC5EA3004AEF7B /* Etc.storyboard in Resources */ = {isa = PBXBuildFile; fileRef = DD3CB50E26FC5EA3004AEF7B /* Etc.storyboard */; };
		DD3CB51126FC6863004AEF7B /* EtcTableViewController.swift in Sources */ = {isa = PBXBuildFile; fileRef = DD3CB51026FC6863004AEF7B /* EtcTableViewController.swift */; };
		DD3CB51326FC6968004AEF7B /* EtcTableViewCell.swift in Sources */ = {isa = PBXBuildFile; fileRef = DD3CB51226FC6968004AEF7B /* EtcTableViewCell.swift */; };
		DD3CB51626FC7B9F004AEF7B /* Logs.swift in Sources */ = {isa = PBXBuildFile; fileRef = DD3CB51526FC7B9F004AEF7B /* Logs.swift */; };
		FFD9D62226FC55E50079500E /* AppDelegate.swift in Sources */ = {isa = PBXBuildFile; fileRef = FFD9D62126FC55E50079500E /* AppDelegate.swift */; };
		FFD9D62426FC55E50079500E /* SceneDelegate.swift in Sources */ = {isa = PBXBuildFile; fileRef = FFD9D62326FC55E50079500E /* SceneDelegate.swift */; };
		FFD9D62626FC55E50079500E /* ViewController.swift in Sources */ = {isa = PBXBuildFile; fileRef = FFD9D62526FC55E50079500E /* ViewController.swift */; };
		FFD9D62926FC55E50079500E /* Main.storyboard in Resources */ = {isa = PBXBuildFile; fileRef = FFD9D62726FC55E50079500E /* Main.storyboard */; };
		FFD9D62B26FC55E90079500E /* Assets.xcassets in Resources */ = {isa = PBXBuildFile; fileRef = FFD9D62A26FC55E90079500E /* Assets.xcassets */; };
		FFD9D62E26FC55E90079500E /* LaunchScreen.storyboard in Resources */ = {isa = PBXBuildFile; fileRef = FFD9D62C26FC55E90079500E /* LaunchScreen.storyboard */; };
		FFD9D63626FC567C0079500E /* GoogleService-Info.plist in Resources */ = {isa = PBXBuildFile; fileRef = FFD9D63526FC567C0079500E /* GoogleService-Info.plist */; };
		FFD9D63926FC5AFE0079500E /* main.storyboard in Resources */ = {isa = PBXBuildFile; fileRef = FFD9D63826FC5AFE0079500E /* main.storyboard */; };
		FFD9D63B26FC5ED40079500E /* MainViewController.swift in Sources */ = {isa = PBXBuildFile; fileRef = FFD9D63A26FC5ED40079500E /* MainViewController.swift */; };
		FFD9D64626FC65B30079500E /* MainViewController+CollectionView.swift in Sources */ = {isa = PBXBuildFile; fileRef = FFD9D64526FC65B30079500E /* MainViewController+CollectionView.swift */; };
		FFD9D64926FC6C130079500E /* imageCell.swift in Sources */ = {isa = PBXBuildFile; fileRef = FFD9D64726FC6C130079500E /* imageCell.swift */; };
		FFD9D64A26FC6C130079500E /* imageCell.xib in Resources */ = {isa = PBXBuildFile; fileRef = FFD9D64826FC6C130079500E /* imageCell.xib */; };
		FFD9D64D26FC737F0079500E /* feedCell.swift in Sources */ = {isa = PBXBuildFile; fileRef = FFD9D64B26FC737F0079500E /* feedCell.swift */; };
		FFD9D64E26FC737F0079500E /* feedCell.xib in Resources */ = {isa = PBXBuildFile; fileRef = FFD9D64C26FC737F0079500E /* feedCell.xib */; };
		FFD9D65126FC7BFB0079500E /* Popup.storyboard in Resources */ = {isa = PBXBuildFile; fileRef = FFD9D65026FC7BFB0079500E /* Popup.storyboard */; };
		FFD9D65326FC7CA10079500E /* PopupViewController.swift in Sources */ = {isa = PBXBuildFile; fileRef = FFD9D65226FC7CA10079500E /* PopupViewController.swift */; };
/* End PBXBuildFile section */

/* Begin PBXFileReference section */
		6E756356BE3253842A20C05C /* Pods-Dogfood.release.xcconfig */ = {isa = PBXFileReference; includeInIndex = 1; lastKnownFileType = text.xcconfig; name = "Pods-Dogfood.release.xcconfig"; path = "Target Support Files/Pods-Dogfood/Pods-Dogfood.release.xcconfig"; sourceTree = "<group>"; };
		AFCD15804BF4F735D96B9338 /* Pods_Dogfood.framework */ = {isa = PBXFileReference; explicitFileType = wrapper.framework; includeInIndex = 0; path = Pods_Dogfood.framework; sourceTree = BUILT_PRODUCTS_DIR; };
		CDA8D8ADF0275471DD8A1668 /* Pods-Dogfood.debug.xcconfig */ = {isa = PBXFileReference; includeInIndex = 1; lastKnownFileType = text.xcconfig; name = "Pods-Dogfood.debug.xcconfig"; path = "Target Support Files/Pods-Dogfood/Pods-Dogfood.debug.xcconfig"; sourceTree = "<group>"; };
		DD3CB50E26FC5EA3004AEF7B /* Etc.storyboard */ = {isa = PBXFileReference; lastKnownFileType = file.storyboard; path = Etc.storyboard; sourceTree = "<group>"; };
		DD3CB51026FC6863004AEF7B /* EtcTableViewController.swift */ = {isa = PBXFileReference; lastKnownFileType = sourcecode.swift; path = EtcTableViewController.swift; sourceTree = "<group>"; };
		DD3CB51226FC6968004AEF7B /* EtcTableViewCell.swift */ = {isa = PBXFileReference; lastKnownFileType = sourcecode.swift; path = EtcTableViewCell.swift; sourceTree = "<group>"; };
		DD3CB51526FC7B9F004AEF7B /* Logs.swift */ = {isa = PBXFileReference; lastKnownFileType = sourcecode.swift; path = Logs.swift; sourceTree = "<group>"; };
		FFD9D61E26FC55E50079500E /* Dogfood.app */ = {isa = PBXFileReference; explicitFileType = wrapper.application; includeInIndex = 0; path = Dogfood.app; sourceTree = BUILT_PRODUCTS_DIR; };
		FFD9D62126FC55E50079500E /* AppDelegate.swift */ = {isa = PBXFileReference; lastKnownFileType = sourcecode.swift; path = AppDelegate.swift; sourceTree = "<group>"; };
		FFD9D62326FC55E50079500E /* SceneDelegate.swift */ = {isa = PBXFileReference; lastKnownFileType = sourcecode.swift; path = SceneDelegate.swift; sourceTree = "<group>"; };
		FFD9D62526FC55E50079500E /* ViewController.swift */ = {isa = PBXFileReference; lastKnownFileType = sourcecode.swift; path = ViewController.swift; sourceTree = "<group>"; };
		FFD9D62826FC55E50079500E /* Base */ = {isa = PBXFileReference; lastKnownFileType = file.storyboard; name = Base; path = Base.lproj/Main.storyboard; sourceTree = "<group>"; };
		FFD9D62A26FC55E90079500E /* Assets.xcassets */ = {isa = PBXFileReference; lastKnownFileType = folder.assetcatalog; path = Assets.xcassets; sourceTree = "<group>"; };
		FFD9D62D26FC55E90079500E /* Base */ = {isa = PBXFileReference; lastKnownFileType = file.storyboard; name = Base; path = Base.lproj/LaunchScreen.storyboard; sourceTree = "<group>"; };
		FFD9D62F26FC55E90079500E /* Info.plist */ = {isa = PBXFileReference; lastKnownFileType = text.plist.xml; path = Info.plist; sourceTree = "<group>"; };
		FFD9D63526FC567C0079500E /* GoogleService-Info.plist */ = {isa = PBXFileReference; fileEncoding = 4; lastKnownFileType = text.plist.xml; path = "GoogleService-Info.plist"; sourceTree = "<group>"; };
		FFD9D63826FC5AFE0079500E /* main.storyboard */ = {isa = PBXFileReference; lastKnownFileType = file.storyboard; path = main.storyboard; sourceTree = "<group>"; };
		FFD9D63A26FC5ED40079500E /* MainViewController.swift */ = {isa = PBXFileReference; lastKnownFileType = sourcecode.swift; path = MainViewController.swift; sourceTree = "<group>"; };
		FFD9D64526FC65B30079500E /* MainViewController+CollectionView.swift */ = {isa = PBXFileReference; lastKnownFileType = sourcecode.swift; path = "MainViewController+CollectionView.swift"; sourceTree = "<group>"; };
		FFD9D64726FC6C130079500E /* imageCell.swift */ = {isa = PBXFileReference; lastKnownFileType = sourcecode.swift; path = imageCell.swift; sourceTree = "<group>"; };
		FFD9D64826FC6C130079500E /* imageCell.xib */ = {isa = PBXFileReference; lastKnownFileType = file.xib; path = imageCell.xib; sourceTree = "<group>"; };
		FFD9D64B26FC737F0079500E /* feedCell.swift */ = {isa = PBXFileReference; lastKnownFileType = sourcecode.swift; path = feedCell.swift; sourceTree = "<group>"; };
		FFD9D64C26FC737F0079500E /* feedCell.xib */ = {isa = PBXFileReference; lastKnownFileType = file.xib; path = feedCell.xib; sourceTree = "<group>"; };
		FFD9D65026FC7BFB0079500E /* Popup.storyboard */ = {isa = PBXFileReference; lastKnownFileType = file.storyboard; path = Popup.storyboard; sourceTree = "<group>"; };
		FFD9D65226FC7CA10079500E /* PopupViewController.swift */ = {isa = PBXFileReference; lastKnownFileType = sourcecode.swift; path = PopupViewController.swift; sourceTree = "<group>"; };
/* End PBXFileReference section */

/* Begin PBXFrameworksBuildPhase section */
		FFD9D61B26FC55E50079500E /* Frameworks */ = {
			isa = PBXFrameworksBuildPhase;
			buildActionMask = 2147483647;
			files = (
				295C614789445E9EA40DEC4E /* Pods_Dogfood.framework in Frameworks */,
			);
			runOnlyForDeploymentPostprocessing = 0;
		};
/* End PBXFrameworksBuildPhase section */

/* Begin PBXGroup section */
		57EE8FACC9284A978FFAD44B /* Frameworks */ = {
			isa = PBXGroup;
			children = (
				AFCD15804BF4F735D96B9338 /* Pods_Dogfood.framework */,
			);
			name = Frameworks;
			sourceTree = "<group>";
		};
		CF3E3D856A45BD376E552335 /* Pods */ = {
			isa = PBXGroup;
			children = (
				CDA8D8ADF0275471DD8A1668 /* Pods-Dogfood.debug.xcconfig */,
				6E756356BE3253842A20C05C /* Pods-Dogfood.release.xcconfig */,
			);
			path = Pods;
			sourceTree = "<group>";
		};
		DD3CB50D26FC5E88004AEF7B /* Etc */ = {
			isa = PBXGroup;
			children = (
				DD3CB51426FC7B5C004AEF7B /* Models */,
				DD3CB50E26FC5EA3004AEF7B /* Etc.storyboard */,
				DD3CB51026FC6863004AEF7B /* EtcTableViewController.swift */,
				DD3CB51226FC6968004AEF7B /* EtcTableViewCell.swift */,
			);
			path = Etc;
			sourceTree = "<group>";
		};
		DD3CB51426FC7B5C004AEF7B /* Models */ = {
			isa = PBXGroup;
			children = (
				DD3CB51526FC7B9F004AEF7B /* Logs.swift */,
			);
			path = Models;
			sourceTree = "<group>";
		};
		FFD9D61526FC55E50079500E = {
			isa = PBXGroup;
			children = (
				FFD9D62026FC55E50079500E /* Dogfood */,
				FFD9D61F26FC55E50079500E /* Products */,
				CF3E3D856A45BD376E552335 /* Pods */,
				57EE8FACC9284A978FFAD44B /* Frameworks */,
			);
			sourceTree = "<group>";
		};
		FFD9D61F26FC55E50079500E /* Products */ = {
			isa = PBXGroup;
			children = (
				FFD9D61E26FC55E50079500E /* Dogfood.app */,
			);
			name = Products;
			sourceTree = "<group>";
		};
		FFD9D62026FC55E50079500E /* Dogfood */ = {
			isa = PBXGroup;
			children = (

				FFD9D63726FC5A8E0079500E /* Main */,
				DD3CB50D26FC5E88004AEF7B /* Etc */,
				FFD9D62126FC55E50079500E /* AppDelegate.swift */,
				FFD9D62326FC55E50079500E /* SceneDelegate.swift */,
				FFD9D62526FC55E50079500E /* ViewController.swift */,
				FFD9D62726FC55E50079500E /* Main.storyboard */,
				FFD9D62A26FC55E90079500E /* Assets.xcassets */,
				FFD9D62C26FC55E90079500E /* LaunchScreen.storyboard */,
				FFD9D62F26FC55E90079500E /* Info.plist */,
				FFD9D63526FC567C0079500E /* GoogleService-Info.plist */,
			);
			path = Dogfood;
			sourceTree = "<group>";
		};
		FFD9D63726FC5A8E0079500E /* Main */ = {
			isa = PBXGroup;
			children = (
				FFD9D64F26FC7BF10079500E /* Popup */,
				FFD9D63C26FC63C50079500E /* Cell */,
				FFD9D63826FC5AFE0079500E /* main.storyboard */,
				FFD9D63A26FC5ED40079500E /* MainViewController.swift */,
				FFD9D64526FC65B30079500E /* MainViewController+CollectionView.swift */,
			);
			path = Main;
			sourceTree = "<group>";
		};
		FFD9D63C26FC63C50079500E /* Cell */ = {
			isa = PBXGroup;
			children = (
				FFD9D64726FC6C130079500E /* imageCell.swift */,
				FFD9D64826FC6C130079500E /* imageCell.xib */,
				FFD9D64B26FC737F0079500E /* feedCell.swift */,
				FFD9D64C26FC737F0079500E /* feedCell.xib */,
			);
			path = Cell;
			sourceTree = "<group>";
		};
		FFD9D64F26FC7BF10079500E /* Popup */ = {
			isa = PBXGroup;
			children = (
				FFD9D65026FC7BFB0079500E /* Popup.storyboard */,
				FFD9D65226FC7CA10079500E /* PopupViewController.swift */,
			);
			path = Popup;
			sourceTree = "<group>";
		};
/* End PBXGroup section */

/* Begin PBXNativeTarget section */
		FFD9D61D26FC55E50079500E /* Dogfood */ = {
			isa = PBXNativeTarget;
			buildConfigurationList = FFD9D63226FC55E90079500E /* Build configuration list for PBXNativeTarget "Dogfood" */;
			buildPhases = (
				90FA403C4100439F6F5F3CE6 /* [CP] Check Pods Manifest.lock */,
				FFD9D61A26FC55E50079500E /* Sources */,
				FFD9D61B26FC55E50079500E /* Frameworks */,
				FFD9D61C26FC55E50079500E /* Resources */,
				3397DE4D43B0C7DCE074EA14 /* [CP] Embed Pods Frameworks */,
			);
			buildRules = (
			);
			dependencies = (
			);
			name = Dogfood;
			productName = Dogfood;
			productReference = FFD9D61E26FC55E50079500E /* Dogfood.app */;
			productType = "com.apple.product-type.application";
		};
/* End PBXNativeTarget section */

/* Begin PBXProject section */
		FFD9D61626FC55E50079500E /* Project object */ = {
			isa = PBXProject;
			attributes = {
				BuildIndependentTargetsInParallel = 1;
				LastSwiftUpdateCheck = 1300;
				LastUpgradeCheck = 1300;
				TargetAttributes = {
					FFD9D61D26FC55E50079500E = {
						CreatedOnToolsVersion = 13.0;
					};
				};
			};
			buildConfigurationList = FFD9D61926FC55E50079500E /* Build configuration list for PBXProject "Dogfood" */;
			compatibilityVersion = "Xcode 13.0";
			developmentRegion = en;
			hasScannedForEncodings = 0;
			knownRegions = (
				en,
				Base,
			);
			mainGroup = FFD9D61526FC55E50079500E;
			productRefGroup = FFD9D61F26FC55E50079500E /* Products */;
			projectDirPath = "";
			projectRoot = "";
			targets = (
				FFD9D61D26FC55E50079500E /* Dogfood */,
			);
		};
/* End PBXProject section */

/* Begin PBXResourcesBuildPhase section */
		FFD9D61C26FC55E50079500E /* Resources */ = {
			isa = PBXResourcesBuildPhase;
			buildActionMask = 2147483647;
			files = (
				FFD9D63926FC5AFE0079500E /* main.storyboard in Resources */,
				FFD9D64A26FC6C130079500E /* imageCell.xib in Resources */,
				DD3CB50F26FC5EA3004AEF7B /* Etc.storyboard in Resources */,
				FFD9D62E26FC55E90079500E /* LaunchScreen.storyboard in Resources */,
				FFD9D62B26FC55E90079500E /* Assets.xcassets in Resources */,
				FFD9D62926FC55E50079500E /* Main.storyboard in Resources */,
				FFD9D65126FC7BFB0079500E /* Popup.storyboard in Resources */,
				FFD9D63626FC567C0079500E /* GoogleService-Info.plist in Resources */,
				FFD9D64E26FC737F0079500E /* feedCell.xib in Resources */,
			);
			runOnlyForDeploymentPostprocessing = 0;
		};
/* End PBXResourcesBuildPhase section */

/* Begin PBXShellScriptBuildPhase section */
		3397DE4D43B0C7DCE074EA14 /* [CP] Embed Pods Frameworks */ = {
			isa = PBXShellScriptBuildPhase;
			buildActionMask = 2147483647;
			files = (
			);
			inputFileListPaths = (
				"${PODS_ROOT}/Target Support Files/Pods-Dogfood/Pods-Dogfood-frameworks-${CONFIGURATION}-input-files.xcfilelist",
			);
			name = "[CP] Embed Pods Frameworks";
			outputFileListPaths = (
				"${PODS_ROOT}/Target Support Files/Pods-Dogfood/Pods-Dogfood-frameworks-${CONFIGURATION}-output-files.xcfilelist",
			);
			runOnlyForDeploymentPostprocessing = 0;
			shellPath = /bin/sh;
			shellScript = "\"${PODS_ROOT}/Target Support Files/Pods-Dogfood/Pods-Dogfood-frameworks.sh\"\n";
			showEnvVarsInLog = 0;
		};
		90FA403C4100439F6F5F3CE6 /* [CP] Check Pods Manifest.lock */ = {
			isa = PBXShellScriptBuildPhase;
			buildActionMask = 2147483647;
			files = (
			);
			inputFileListPaths = (
			);
			inputPaths = (
				"${PODS_PODFILE_DIR_PATH}/Podfile.lock",
				"${PODS_ROOT}/Manifest.lock",
			);
			name = "[CP] Check Pods Manifest.lock";
			outputFileListPaths = (
			);
			outputPaths = (
				"$(DERIVED_FILE_DIR)/Pods-Dogfood-checkManifestLockResult.txt",
			);
			runOnlyForDeploymentPostprocessing = 0;
			shellPath = /bin/sh;
			shellScript = "diff \"${PODS_PODFILE_DIR_PATH}/Podfile.lock\" \"${PODS_ROOT}/Manifest.lock\" > /dev/null\nif [ $? != 0 ] ; then\n    # print error to STDERR\n    echo \"error: The sandbox is not in sync with the Podfile.lock. Run 'pod install' or update your CocoaPods installation.\" >&2\n    exit 1\nfi\n# This output is used by Xcode 'outputs' to avoid re-running this script phase.\necho \"SUCCESS\" > \"${SCRIPT_OUTPUT_FILE_0}\"\n";
			showEnvVarsInLog = 0;
		};
/* End PBXShellScriptBuildPhase section */

/* Begin PBXSourcesBuildPhase section */
		FFD9D61A26FC55E50079500E /* Sources */ = {
			isa = PBXSourcesBuildPhase;
			buildActionMask = 2147483647;
			files = (
				FFD9D64626FC65B30079500E /* MainViewController+CollectionView.swift in Sources */,
				FFD9D64D26FC737F0079500E /* feedCell.swift in Sources */,
				FFD9D62626FC55E50079500E /* ViewController.swift in Sources */,
				FFD9D62226FC55E50079500E /* AppDelegate.swift in Sources */,
				DD3CB51126FC6863004AEF7B /* EtcTableViewController.swift in Sources */,
				FFD9D62426FC55E50079500E /* SceneDelegate.swift in Sources */,
				FFD9D63B26FC5ED40079500E /* MainViewController.swift in Sources */,
				FFD9D64926FC6C130079500E /* imageCell.swift in Sources */,
				FFD9D65326FC7CA10079500E /* PopupViewController.swift in Sources */,
				DD3CB51626FC7B9F004AEF7B /* Logs.swift in Sources */,
				DD3CB51326FC6968004AEF7B /* EtcTableViewCell.swift in Sources */,
			);
			runOnlyForDeploymentPostprocessing = 0;
		};
/* End PBXSourcesBuildPhase section */

/* Begin PBXVariantGroup section */
		FFD9D62726FC55E50079500E /* Main.storyboard */ = {
			isa = PBXVariantGroup;
			children = (
				FFD9D62826FC55E50079500E /* Base */,
			);
			name = Main.storyboard;
			sourceTree = "<group>";
		};
		FFD9D62C26FC55E90079500E /* LaunchScreen.storyboard */ = {
			isa = PBXVariantGroup;
			children = (
				FFD9D62D26FC55E90079500E /* Base */,
			);
			name = LaunchScreen.storyboard;
			sourceTree = "<group>";
		};
/* End PBXVariantGroup section */

/* Begin XCBuildConfiguration section */
		FFD9D63026FC55E90079500E /* Debug */ = {
			isa = XCBuildConfiguration;
			buildSettings = {
				ALWAYS_SEARCH_USER_PATHS = NO;
				CLANG_ANALYZER_NONNULL = YES;
				CLANG_ANALYZER_NUMBER_OBJECT_CONVERSION = YES_AGGRESSIVE;
				CLANG_CXX_LANGUAGE_STANDARD = "gnu++17";
				CLANG_CXX_LIBRARY = "libc++";
				CLANG_ENABLE_MODULES = YES;
				CLANG_ENABLE_OBJC_ARC = YES;
				CLANG_ENABLE_OBJC_WEAK = YES;
				CLANG_WARN_BLOCK_CAPTURE_AUTORELEASING = YES;
				CLANG_WARN_BOOL_CONVERSION = YES;
				CLANG_WARN_COMMA = YES;
				CLANG_WARN_CONSTANT_CONVERSION = YES;
				CLANG_WARN_DEPRECATED_OBJC_IMPLEMENTATIONS = YES;
				CLANG_WARN_DIRECT_OBJC_ISA_USAGE = YES_ERROR;
				CLANG_WARN_DOCUMENTATION_COMMENTS = YES;
				CLANG_WARN_EMPTY_BODY = YES;
				CLANG_WARN_ENUM_CONVERSION = YES;
				CLANG_WARN_INFINITE_RECURSION = YES;
				CLANG_WARN_INT_CONVERSION = YES;
				CLANG_WARN_NON_LITERAL_NULL_CONVERSION = YES;
				CLANG_WARN_OBJC_IMPLICIT_RETAIN_SELF = YES;
				CLANG_WARN_OBJC_LITERAL_CONVERSION = YES;
				CLANG_WARN_OBJC_ROOT_CLASS = YES_ERROR;
				CLANG_WARN_QUOTED_INCLUDE_IN_FRAMEWORK_HEADER = YES;
				CLANG_WARN_RANGE_LOOP_ANALYSIS = YES;
				CLANG_WARN_STRICT_PROTOTYPES = YES;
				CLANG_WARN_SUSPICIOUS_MOVE = YES;
				CLANG_WARN_UNGUARDED_AVAILABILITY = YES_AGGRESSIVE;
				CLANG_WARN_UNREACHABLE_CODE = YES;
				CLANG_WARN__DUPLICATE_METHOD_MATCH = YES;
				COPY_PHASE_STRIP = NO;
				DEBUG_INFORMATION_FORMAT = dwarf;
				ENABLE_STRICT_OBJC_MSGSEND = YES;
				ENABLE_TESTABILITY = YES;
				GCC_C_LANGUAGE_STANDARD = gnu11;
				GCC_DYNAMIC_NO_PIC = NO;
				GCC_NO_COMMON_BLOCKS = YES;
				GCC_OPTIMIZATION_LEVEL = 0;
				GCC_PREPROCESSOR_DEFINITIONS = (
					"DEBUG=1",
					"$(inherited)",
				);
				GCC_WARN_64_TO_32_BIT_CONVERSION = YES;
				GCC_WARN_ABOUT_RETURN_TYPE = YES_ERROR;
				GCC_WARN_UNDECLARED_SELECTOR = YES;
				GCC_WARN_UNINITIALIZED_AUTOS = YES_AGGRESSIVE;
				GCC_WARN_UNUSED_FUNCTION = YES;
				GCC_WARN_UNUSED_VARIABLE = YES;
				IPHONEOS_DEPLOYMENT_TARGET = 15.0;
				MTL_ENABLE_DEBUG_INFO = INCLUDE_SOURCE;
				MTL_FAST_MATH = YES;
				ONLY_ACTIVE_ARCH = YES;
				SDKROOT = iphoneos;
				SWIFT_ACTIVE_COMPILATION_CONDITIONS = DEBUG;
				SWIFT_OPTIMIZATION_LEVEL = "-Onone";
			};
			name = Debug;
		};
		FFD9D63126FC55E90079500E /* Release */ = {
			isa = XCBuildConfiguration;
			buildSettings = {
				ALWAYS_SEARCH_USER_PATHS = NO;
				CLANG_ANALYZER_NONNULL = YES;
				CLANG_ANALYZER_NUMBER_OBJECT_CONVERSION = YES_AGGRESSIVE;
				CLANG_CXX_LANGUAGE_STANDARD = "gnu++17";
				CLANG_CXX_LIBRARY = "libc++";
				CLANG_ENABLE_MODULES = YES;
				CLANG_ENABLE_OBJC_ARC = YES;
				CLANG_ENABLE_OBJC_WEAK = YES;
				CLANG_WARN_BLOCK_CAPTURE_AUTORELEASING = YES;
				CLANG_WARN_BOOL_CONVERSION = YES;
				CLANG_WARN_COMMA = YES;
				CLANG_WARN_CONSTANT_CONVERSION = YES;
				CLANG_WARN_DEPRECATED_OBJC_IMPLEMENTATIONS = YES;
				CLANG_WARN_DIRECT_OBJC_ISA_USAGE = YES_ERROR;
				CLANG_WARN_DOCUMENTATION_COMMENTS = YES;
				CLANG_WARN_EMPTY_BODY = YES;
				CLANG_WARN_ENUM_CONVERSION = YES;
				CLANG_WARN_INFINITE_RECURSION = YES;
				CLANG_WARN_INT_CONVERSION = YES;
				CLANG_WARN_NON_LITERAL_NULL_CONVERSION = YES;
				CLANG_WARN_OBJC_IMPLICIT_RETAIN_SELF = YES;
				CLANG_WARN_OBJC_LITERAL_CONVERSION = YES;
				CLANG_WARN_OBJC_ROOT_CLASS = YES_ERROR;
				CLANG_WARN_QUOTED_INCLUDE_IN_FRAMEWORK_HEADER = YES;
				CLANG_WARN_RANGE_LOOP_ANALYSIS = YES;
				CLANG_WARN_STRICT_PROTOTYPES = YES;
				CLANG_WARN_SUSPICIOUS_MOVE = YES;
				CLANG_WARN_UNGUARDED_AVAILABILITY = YES_AGGRESSIVE;
				CLANG_WARN_UNREACHABLE_CODE = YES;
				CLANG_WARN__DUPLICATE_METHOD_MATCH = YES;
				COPY_PHASE_STRIP = NO;
				DEBUG_INFORMATION_FORMAT = "dwarf-with-dsym";
				ENABLE_NS_ASSERTIONS = NO;
				ENABLE_STRICT_OBJC_MSGSEND = YES;
				GCC_C_LANGUAGE_STANDARD = gnu11;
				GCC_NO_COMMON_BLOCKS = YES;
				GCC_WARN_64_TO_32_BIT_CONVERSION = YES;
				GCC_WARN_ABOUT_RETURN_TYPE = YES_ERROR;
				GCC_WARN_UNDECLARED_SELECTOR = YES;
				GCC_WARN_UNINITIALIZED_AUTOS = YES_AGGRESSIVE;
				GCC_WARN_UNUSED_FUNCTION = YES;
				GCC_WARN_UNUSED_VARIABLE = YES;
				IPHONEOS_DEPLOYMENT_TARGET = 15.0;
				MTL_ENABLE_DEBUG_INFO = NO;
				MTL_FAST_MATH = YES;
				SDKROOT = iphoneos;
				SWIFT_COMPILATION_MODE = wholemodule;
				SWIFT_OPTIMIZATION_LEVEL = "-O";
				VALIDATE_PRODUCT = YES;
			};
			name = Release;
		};
		FFD9D63326FC55E90079500E /* Debug */ = {
			isa = XCBuildConfiguration;
			baseConfigurationReference = CDA8D8ADF0275471DD8A1668 /* Pods-Dogfood.debug.xcconfig */;
			buildSettings = {
				ASSETCATALOG_COMPILER_APPICON_NAME = AppIcon;
				ASSETCATALOG_COMPILER_GLOBAL_ACCENT_COLOR_NAME = AccentColor;
				CODE_SIGN_STYLE = Automatic;
				CURRENT_PROJECT_VERSION = 1;
				GENERATE_INFOPLIST_FILE = YES;
				INFOPLIST_FILE = Dogfood/Info.plist;
				INFOPLIST_KEY_UIApplicationSupportsIndirectInputEvents = YES;
				INFOPLIST_KEY_UILaunchStoryboardName = LaunchScreen;
				INFOPLIST_KEY_UIMainStoryboardFile = Main;
				INFOPLIST_KEY_UISupportedInterfaceOrientations_iPad = "UIInterfaceOrientationPortrait UIInterfaceOrientationPortraitUpsideDown UIInterfaceOrientationLandscapeLeft UIInterfaceOrientationLandscapeRight";
				INFOPLIST_KEY_UISupportedInterfaceOrientations_iPhone = "UIInterfaceOrientationPortrait UIInterfaceOrientationLandscapeLeft UIInterfaceOrientationLandscapeRight";
				LD_RUNPATH_SEARCH_PATHS = (
					"$(inherited)",
					"@executable_path/Frameworks",
				);
				MARKETING_VERSION = 1.0;
				PRODUCT_BUNDLE_IDENTIFIER = com.bookathon.Dogfood;
				PRODUCT_NAME = "$(TARGET_NAME)";
				SWIFT_EMIT_LOC_STRINGS = YES;
				SWIFT_VERSION = 5.0;
				TARGETED_DEVICE_FAMILY = "1,2";
			};
			name = Debug;
		};
		FFD9D63426FC55E90079500E /* Release */ = {
			isa = XCBuildConfiguration;
			baseConfigurationReference = 6E756356BE3253842A20C05C /* Pods-Dogfood.release.xcconfig */;
			buildSettings = {
				ASSETCATALOG_COMPILER_APPICON_NAME = AppIcon;
				ASSETCATALOG_COMPILER_GLOBAL_ACCENT_COLOR_NAME = AccentColor;
				CODE_SIGN_STYLE = Automatic;
				CURRENT_PROJECT_VERSION = 1;
				GENERATE_INFOPLIST_FILE = YES;
				INFOPLIST_FILE = Dogfood/Info.plist;
				INFOPLIST_KEY_UIApplicationSupportsIndirectInputEvents = YES;
				INFOPLIST_KEY_UILaunchStoryboardName = LaunchScreen;
				INFOPLIST_KEY_UIMainStoryboardFile = Main;
				INFOPLIST_KEY_UISupportedInterfaceOrientations_iPad = "UIInterfaceOrientationPortrait UIInterfaceOrientationPortraitUpsideDown UIInterfaceOrientationLandscapeLeft UIInterfaceOrientationLandscapeRight";
				INFOPLIST_KEY_UISupportedInterfaceOrientations_iPhone = "UIInterfaceOrientationPortrait UIInterfaceOrientationLandscapeLeft UIInterfaceOrientationLandscapeRight";
				LD_RUNPATH_SEARCH_PATHS = (
					"$(inherited)",
					"@executable_path/Frameworks",
				);
				MARKETING_VERSION = 1.0;
				PRODUCT_BUNDLE_IDENTIFIER = com.bookathon.Dogfood;
				PRODUCT_NAME = "$(TARGET_NAME)";
				SWIFT_EMIT_LOC_STRINGS = YES;
				SWIFT_VERSION = 5.0;
				TARGETED_DEVICE_FAMILY = "1,2";
			};
			name = Release;
		};
/* End XCBuildConfiguration section */

/* Begin XCConfigurationList section */
		FFD9D61926FC55E50079500E /* Build configuration list for PBXProject "Dogfood" */ = {
			isa = XCConfigurationList;
			buildConfigurations = (
				FFD9D63026FC55E90079500E /* Debug */,
				FFD9D63126FC55E90079500E /* Release */,
			);
			defaultConfigurationIsVisible = 0;
			defaultConfigurationName = Release;
		};
		FFD9D63226FC55E90079500E /* Build configuration list for PBXNativeTarget "Dogfood" */ = {
			isa = XCConfigurationList;
			buildConfigurations = (
				FFD9D63326FC55E90079500E /* Debug */,
				FFD9D63426FC55E90079500E /* Release */,
			);
			defaultConfigurationIsVisible = 0;
			defaultConfigurationName = Release;
		};
/* End XCConfigurationList section */
	};
	rootObject = FFD9D61626FC55E50079500E /* Project object */;
}
